// !$*UTF8*$!
{
	archiveVersion = 1;
	classes = {
	};
	objectVersion = 60;
	objects = {

/* Begin PBXBuildFile section */
		964788D12B1790AF009BAA78 /* qqselfApp.swift in Sources */ = {isa = PBXBuildFile; fileRef = 964788D02B1790AF009BAA78 /* qqselfApp.swift */; };
		964788D32B1790AF009BAA78 /* ContentView.swift in Sources */ = {isa = PBXBuildFile; fileRef = 964788D22B1790AF009BAA78 /* ContentView.swift */; };
		964788D52B1790B0009BAA78 /* Assets.xcassets in Resources */ = {isa = PBXBuildFile; fileRef = 964788D42B1790B0009BAA78 /* Assets.xcassets */; };
		964788D82B1790B0009BAA78 /* Preview Assets.xcassets in Resources */ = {isa = PBXBuildFile; fileRef = 964788D72B1790B0009BAA78 /* Preview Assets.xcassets */; };
		964788E22B1790B1009BAA78 /* qqselfTests.swift in Sources */ = {isa = PBXBuildFile; fileRef = 964788E12B1790B1009BAA78 /* qqselfTests.swift */; };
		964788EC2B1790B1009BAA78 /* qqselfUITests.swift in Sources */ = {isa = PBXBuildFile; fileRef = 964788EB2B1790B1009BAA78 /* qqselfUITests.swift */; };
		964788EE2B1790B1009BAA78 /* qqselfUITestsLaunchTests.swift in Sources */ = {isa = PBXBuildFile; fileRef = 964788ED2B1790B1009BAA78 /* qqselfUITestsLaunchTests.swift */; };
		96C948D32B17911200D3D969 /* qqselfCoreLib in Frameworks */ = {isa = PBXBuildFile; productRef = 96C948D22B17911200D3D969 /* qqselfCoreLib */; };
/* End PBXBuildFile section */

/* Begin PBXContainerItemProxy section */
		964788DE2B1790B1009BAA78 /* PBXContainerItemProxy */ = {
			isa = PBXContainerItemProxy;
			containerPortal = 964788C52B1790AF009BAA78 /* Project object */;
			proxyType = 1;
			remoteGlobalIDString = 964788CC2B1790AF009BAA78;
			remoteInfo = qqself;
		};
		964788E82B1790B1009BAA78 /* PBXContainerItemProxy */ = {
			isa = PBXContainerItemProxy;
			containerPortal = 964788C52B1790AF009BAA78 /* Project object */;
			proxyType = 1;
			remoteGlobalIDString = 964788CC2B1790AF009BAA78;
			remoteInfo = qqself;
		};
/* End PBXContainerItemProxy section */

/* Begin PBXFileReference section */
		964788CD2B1790AF009BAA78 /* qqself.app */ = {isa = PBXFileReference; explicitFileType = wrapper.application; includeInIndex = 0; path = qqself.app; sourceTree = BUILT_PRODUCTS_DIR; };
		964788D02B1790AF009BAA78 /* qqselfApp.swift */ = {isa = PBXFileReference; lastKnownFileType = sourcecode.swift; path = qqselfApp.swift; sourceTree = "<group>"; };
		964788D22B1790AF009BAA78 /* ContentView.swift */ = {isa = PBXFileReference; lastKnownFileType = sourcecode.swift; path = ContentView.swift; sourceTree = "<group>"; };
		964788D42B1790B0009BAA78 /* Assets.xcassets */ = {isa = PBXFileReference; lastKnownFileType = folder.assetcatalog; path = Assets.xcassets; sourceTree = "<group>"; };
		964788D72B1790B0009BAA78 /* Preview Assets.xcassets */ = {isa = PBXFileReference; lastKnownFileType = folder.assetcatalog; path = "Preview Assets.xcassets"; sourceTree = "<group>"; };
		964788DD2B1790B1009BAA78 /* qqselfTests.xctest */ = {isa = PBXFileReference; explicitFileType = wrapper.cfbundle; includeInIndex = 0; path = qqselfTests.xctest; sourceTree = BUILT_PRODUCTS_DIR; };
		964788E12B1790B1009BAA78 /* qqselfTests.swift */ = {isa = PBXFileReference; lastKnownFileType = sourcecode.swift; path = qqselfTests.swift; sourceTree = "<group>"; };
		964788E72B1790B1009BAA78 /* qqselfUITests.xctest */ = {isa = PBXFileReference; explicitFileType = wrapper.cfbundle; includeInIndex = 0; path = qqselfUITests.xctest; sourceTree = BUILT_PRODUCTS_DIR; };
		964788EB2B1790B1009BAA78 /* qqselfUITests.swift */ = {isa = PBXFileReference; lastKnownFileType = sourcecode.swift; path = qqselfUITests.swift; sourceTree = "<group>"; };
		964788ED2B1790B1009BAA78 /* qqselfUITestsLaunchTests.swift */ = {isa = PBXFileReference; lastKnownFileType = sourcecode.swift; path = qqselfUITestsLaunchTests.swift; sourceTree = "<group>"; };
/* End PBXFileReference section */

/* Begin PBXFrameworksBuildPhase section */
		964788CA2B1790AF009BAA78 /* Frameworks */ = {
			isa = PBXFrameworksBuildPhase;
			buildActionMask = 2147483647;
			files = (
				96C948D32B17911200D3D969 /* qqselfCoreLib in Frameworks */,
			);
			runOnlyForDeploymentPostprocessing = 0;
		};
		964788DA2B1790B1009BAA78 /* Frameworks */ = {
			isa = PBXFrameworksBuildPhase;
			buildActionMask = 2147483647;
			files = (
			);
			runOnlyForDeploymentPostprocessing = 0;
		};
		964788E42B1790B1009BAA78 /* Frameworks */ = {
			isa = PBXFrameworksBuildPhase;
			buildActionMask = 2147483647;
			files = (
			);
			runOnlyForDeploymentPostprocessing = 0;
		};
/* End PBXFrameworksBuildPhase section */

/* Begin PBXGroup section */
		964788C42B1790AF009BAA78 = {
			isa = PBXGroup;
			children = (
				964788CF2B1790AF009BAA78 /* qqself */,
				964788E02B1790B1009BAA78 /* qqselfTests */,
				964788EA2B1790B1009BAA78 /* qqselfUITests */,
				964788CE2B1790AF009BAA78 /* Products */,
			);
			sourceTree = "<group>";
		};
		964788CE2B1790AF009BAA78 /* Products */ = {
			isa = PBXGroup;
			children = (
				964788CD2B1790AF009BAA78 /* qqself.app */,
				964788DD2B1790B1009BAA78 /* qqselfTests.xctest */,
				964788E72B1790B1009BAA78 /* qqselfUITests.xctest */,
			);
			name = Products;
			sourceTree = "<group>";
		};
		964788CF2B1790AF009BAA78 /* qqself */ = {
			isa = PBXGroup;
			children = (
				964788D02B1790AF009BAA78 /* qqselfApp.swift */,
				964788D22B1790AF009BAA78 /* ContentView.swift */,
				964788D42B1790B0009BAA78 /* Assets.xcassets */,
				964788D62B1790B0009BAA78 /* Preview Content */,
			);
			path = qqself;
			sourceTree = "<group>";
		};
		964788D62B1790B0009BAA78 /* Preview Content */ = {
			isa = PBXGroup;
			children = (
				964788D72B1790B0009BAA78 /* Preview Assets.xcassets */,
			);
			path = "Preview Content";
			sourceTree = "<group>";
		};
		964788E02B1790B1009BAA78 /* qqselfTests */ = {
			isa = PBXGroup;
			children = (
				964788E12B1790B1009BAA78 /* qqselfTests.swift */,
			);
			path = qqselfTests;
			sourceTree = "<group>";
		};
		964788EA2B1790B1009BAA78 /* qqselfUITests */ = {
			isa = PBXGroup;
			children = (
				964788EB2B1790B1009BAA78 /* qqselfUITests.swift */,
				964788ED2B1790B1009BAA78 /* qqselfUITestsLaunchTests.swift */,
			);
			path = qqselfUITests;
			sourceTree = "<group>";
		};
/* End PBXGroup section */

/* Begin PBXNativeTarget section */
		964788CC2B1790AF009BAA78 /* qqself */ = {
			isa = PBXNativeTarget;
			buildConfigurationList = 964788F12B1790B1009BAA78 /* Build configuration list for PBXNativeTarget "qqself" */;
			buildPhases = (
				964788C92B1790AF009BAA78 /* Sources */,
				964788CA2B1790AF009BAA78 /* Frameworks */,
				964788CB2B1790AF009BAA78 /* Resources */,
			);
			buildRules = (
			);
			dependencies = (
			);
			name = qqself;
			packageProductDependencies = (
				96C948D22B17911200D3D969 /* qqselfCoreLib */,
			);
			productName = qqself;
			productReference = 964788CD2B1790AF009BAA78 /* qqself.app */;
			productType = "com.apple.product-type.application";
		};
		964788DC2B1790B1009BAA78 /* qqselfTests */ = {
			isa = PBXNativeTarget;
			buildConfigurationList = 964788F42B1790B1009BAA78 /* Build configuration list for PBXNativeTarget "qqselfTests" */;
			buildPhases = (
				964788D92B1790B1009BAA78 /* Sources */,
				964788DA2B1790B1009BAA78 /* Frameworks */,
				964788DB2B1790B1009BAA78 /* Resources */,
			);
			buildRules = (
			);
			dependencies = (
				964788DF2B1790B1009BAA78 /* PBXTargetDependency */,
			);
			name = qqselfTests;
			productName = qqselfTests;
			productReference = 964788DD2B1790B1009BAA78 /* qqselfTests.xctest */;
			productType = "com.apple.product-type.bundle.unit-test";
		};
		964788E62B1790B1009BAA78 /* qqselfUITests */ = {
			isa = PBXNativeTarget;
			buildConfigurationList = 964788F72B1790B1009BAA78 /* Build configuration list for PBXNativeTarget "qqselfUITests" */;
			buildPhases = (
				964788E32B1790B1009BAA78 /* Sources */,
				964788E42B1790B1009BAA78 /* Frameworks */,
				964788E52B1790B1009BAA78 /* Resources */,
			);
			buildRules = (
			);
			dependencies = (
				964788E92B1790B1009BAA78 /* PBXTargetDependency */,
			);
			name = qqselfUITests;
			productName = qqselfUITests;
			productReference = 964788E72B1790B1009BAA78 /* qqselfUITests.xctest */;
			productType = "com.apple.product-type.bundle.ui-testing";
		};
/* End PBXNativeTarget section */

/* Begin PBXProject section */
		964788C52B1790AF009BAA78 /* Project object */ = {
			isa = PBXProject;
			attributes = {
				BuildIndependentTargetsInParallel = 1;
				LastSwiftUpdateCheck = 1500;
				LastUpgradeCheck = 1500;
				TargetAttributes = {
					964788CC2B1790AF009BAA78 = {
						CreatedOnToolsVersion = 15.0.1;
					};
					964788DC2B1790B1009BAA78 = {
						CreatedOnToolsVersion = 15.0.1;
						TestTargetID = 964788CC2B1790AF009BAA78;
					};
					964788E62B1790B1009BAA78 = {
						CreatedOnToolsVersion = 15.0.1;
						TestTargetID = 964788CC2B1790AF009BAA78;
					};
				};
			};
			buildConfigurationList = 964788C82B1790AF009BAA78 /* Build configuration list for PBXProject "qqself" */;
			compatibilityVersion = "Xcode 14.0";
			developmentRegion = en;
			hasScannedForEncodings = 0;
			knownRegions = (
				en,
				Base,
			);
			mainGroup = 964788C42B1790AF009BAA78;
			packageReferences = (
				96C948D12B17911200D3D969 /* XCLocalSwiftPackageReference "qqselfCoreLib" */,
			);
			productRefGroup = 964788CE2B1790AF009BAA78 /* Products */;
			projectDirPath = "";
			projectRoot = "";
			targets = (
				964788CC2B1790AF009BAA78 /* qqself */,
				964788DC2B1790B1009BAA78 /* qqselfTests */,
				964788E62B1790B1009BAA78 /* qqselfUITests */,
			);
		};
/* End PBXProject section */

/* Begin PBXResourcesBuildPhase section */
		964788CB2B1790AF009BAA78 /* Resources */ = {
			isa = PBXResourcesBuildPhase;
			buildActionMask = 2147483647;
			files = (
				964788D82B1790B0009BAA78 /* Preview Assets.xcassets in Resources */,
				964788D52B1790B0009BAA78 /* Assets.xcassets in Resources */,
			);
			runOnlyForDeploymentPostprocessing = 0;
		};
		964788DB2B1790B1009BAA78 /* Resources */ = {
			isa = PBXResourcesBuildPhase;
			buildActionMask = 2147483647;
			files = (
			);
			runOnlyForDeploymentPostprocessing = 0;
		};
		964788E52B1790B1009BAA78 /* Resources */ = {
			isa = PBXResourcesBuildPhase;
			buildActionMask = 2147483647;
			files = (
			);
			runOnlyForDeploymentPostprocessing = 0;
		};
/* End PBXResourcesBuildPhase section */

/* Begin PBXSourcesBuildPhase section */
		964788C92B1790AF009BAA78 /* Sources */ = {
			isa = PBXSourcesBuildPhase;
			buildActionMask = 2147483647;
			files = (
				964788D32B1790AF009BAA78 /* ContentView.swift in Sources */,
				964788D12B1790AF009BAA78 /* qqselfApp.swift in Sources */,
			);
			runOnlyForDeploymentPostprocessing = 0;
		};
		964788D92B1790B1009BAA78 /* Sources */ = {
			isa = PBXSourcesBuildPhase;
			buildActionMask = 2147483647;
			files = (
				964788E22B1790B1009BAA78 /* qqselfTests.swift in Sources */,
			);
			runOnlyForDeploymentPostprocessing = 0;
		};
		964788E32B1790B1009BAA78 /* Sources */ = {
			isa = PBXSourcesBuildPhase;
			buildActionMask = 2147483647;
			files = (
				964788EE2B1790B1009BAA78 /* qqselfUITestsLaunchTests.swift in Sources */,
				964788EC2B1790B1009BAA78 /* qqselfUITests.swift in Sources */,
			);
			runOnlyForDeploymentPostprocessing = 0;
		};
/* End PBXSourcesBuildPhase section */

/* Begin PBXTargetDependency section */
		964788DF2B1790B1009BAA78 /* PBXTargetDependency */ = {
			isa = PBXTargetDependency;
			target = 964788CC2B1790AF009BAA78 /* qqself */;
			targetProxy = 964788DE2B1790B1009BAA78 /* PBXContainerItemProxy */;
		};
		964788E92B1790B1009BAA78 /* PBXTargetDependency */ = {
			isa = PBXTargetDependency;
			target = 964788CC2B1790AF009BAA78 /* qqself */;
			targetProxy = 964788E82B1790B1009BAA78 /* PBXContainerItemProxy */;
		};
/* End PBXTargetDependency section */

/* Begin XCBuildConfiguration section */
		964788EF2B1790B1009BAA78 /* Debug */ = {
			isa = XCBuildConfiguration;
			buildSettings = {
				ALWAYS_SEARCH_USER_PATHS = NO;
				ASSETCATALOG_COMPILER_GENERATE_SWIFT_ASSET_SYMBOL_EXTENSIONS = YES;
				CLANG_ANALYZER_NONNULL = YES;
				CLANG_ANALYZER_NUMBER_OBJECT_CONVERSION = YES_AGGRESSIVE;
				CLANG_CXX_LANGUAGE_STANDARD = "gnu++20";
				CLANG_ENABLE_MODULES = YES;
				CLANG_ENABLE_OBJC_ARC = YES;
				CLANG_ENABLE_OBJC_WEAK = YES;
				CLANG_WARN_BLOCK_CAPTURE_AUTORELEASING = YES;
				CLANG_WARN_BOOL_CONVERSION = YES;
				CLANG_WARN_COMMA = YES;
				CLANG_WARN_CONSTANT_CONVERSION = YES;
				CLANG_WARN_DEPRECATED_OBJC_IMPLEMENTATIONS = YES;
				CLANG_WARN_DIRECT_OBJC_ISA_USAGE = YES_ERROR;
				CLANG_WARN_DOCUMENTATION_COMMENTS = YES;
				CLANG_WARN_EMPTY_BODY = YES;
				CLANG_WARN_ENUM_CONVERSION = YES;
				CLANG_WARN_INFINITE_RECURSION = YES;
				CLANG_WARN_INT_CONVERSION = YES;
				CLANG_WARN_NON_LITERAL_NULL_CONVERSION = YES;
				CLANG_WARN_OBJC_IMPLICIT_RETAIN_SELF = YES;
				CLANG_WARN_OBJC_LITERAL_CONVERSION = YES;
				CLANG_WARN_OBJC_ROOT_CLASS = YES_ERROR;
				CLANG_WARN_QUOTED_INCLUDE_IN_FRAMEWORK_HEADER = YES;
				CLANG_WARN_RANGE_LOOP_ANALYSIS = YES;
				CLANG_WARN_STRICT_PROTOTYPES = YES;
				CLANG_WARN_SUSPICIOUS_MOVE = YES;
				CLANG_WARN_UNGUARDED_AVAILABILITY = YES_AGGRESSIVE;
				CLANG_WARN_UNREACHABLE_CODE = YES;
				CLANG_WARN__DUPLICATE_METHOD_MATCH = YES;
				COPY_PHASE_STRIP = NO;
				DEBUG_INFORMATION_FORMAT = dwarf;
				ENABLE_STRICT_OBJC_MSGSEND = YES;
				ENABLE_TESTABILITY = YES;
				ENABLE_USER_SCRIPT_SANDBOXING = YES;
				GCC_C_LANGUAGE_STANDARD = gnu17;
				GCC_DYNAMIC_NO_PIC = NO;
				GCC_NO_COMMON_BLOCKS = YES;
				GCC_OPTIMIZATION_LEVEL = 0;
				GCC_PREPROCESSOR_DEFINITIONS = (
					"DEBUG=1",
					"$(inherited)",
				);
				GCC_WARN_64_TO_32_BIT_CONVERSION = YES;
				GCC_WARN_ABOUT_RETURN_TYPE = YES_ERROR;
				GCC_WARN_UNDECLARED_SELECTOR = YES;
				GCC_WARN_UNINITIALIZED_AUTOS = YES_AGGRESSIVE;
				GCC_WARN_UNUSED_FUNCTION = YES;
				GCC_WARN_UNUSED_VARIABLE = YES;
				IPHONEOS_DEPLOYMENT_TARGET = 17.0;
				LOCALIZATION_PREFERS_STRING_CATALOGS = YES;
				MTL_ENABLE_DEBUG_INFO = INCLUDE_SOURCE;
				MTL_FAST_MATH = YES;
				ONLY_ACTIVE_ARCH = YES;
				SDKROOT = iphoneos;
				SWIFT_ACTIVE_COMPILATION_CONDITIONS = "DEBUG $(inherited)";
				SWIFT_OPTIMIZATION_LEVEL = "-Onone";
			};
			name = Debug;
		};
		964788F02B1790B1009BAA78 /* Release */ = {
			isa = XCBuildConfiguration;
			buildSettings = {
				ALWAYS_SEARCH_USER_PATHS = NO;
				ASSETCATALOG_COMPILER_GENERATE_SWIFT_ASSET_SYMBOL_EXTENSIONS = YES;
				CLANG_ANALYZER_NONNULL = YES;
				CLANG_ANALYZER_NUMBER_OBJECT_CONVERSION = YES_AGGRESSIVE;
				CLANG_CXX_LANGUAGE_STANDARD = "gnu++20";
				CLANG_ENABLE_MODULES = YES;
				CLANG_ENABLE_OBJC_ARC = YES;
				CLANG_ENABLE_OBJC_WEAK = YES;
				CLANG_WARN_BLOCK_CAPTURE_AUTORELEASING = YES;
				CLANG_WARN_BOOL_CONVERSION = YES;
				CLANG_WARN_COMMA = YES;
				CLANG_WARN_CONSTANT_CONVERSION = YES;
				CLANG_WARN_DEPRECATED_OBJC_IMPLEMENTATIONS = YES;
				CLANG_WARN_DIRECT_OBJC_ISA_USAGE = YES_ERROR;
				CLANG_WARN_DOCUMENTATION_COMMENTS = YES;
				CLANG_WARN_EMPTY_BODY = YES;
				CLANG_WARN_ENUM_CONVERSION = YES;
				CLANG_WARN_INFINITE_RECURSION = YES;
				CLANG_WARN_INT_CONVERSION = YES;
				CLANG_WARN_NON_LITERAL_NULL_CONVERSION = YES;
				CLANG_WARN_OBJC_IMPLICIT_RETAIN_SELF = YES;
				CLANG_WARN_OBJC_LITERAL_CONVERSION = YES;
				CLANG_WARN_OBJC_ROOT_CLASS = YES_ERROR;
				CLANG_WARN_QUOTED_INCLUDE_IN_FRAMEWORK_HEADER = YES;
				CLANG_WARN_RANGE_LOOP_ANALYSIS = YES;
				CLANG_WARN_STRICT_PROTOTYPES = YES;
				CLANG_WARN_SUSPICIOUS_MOVE = YES;
				CLANG_WARN_UNGUARDED_AVAILABILITY = YES_AGGRESSIVE;
				CLANG_WARN_UNREACHABLE_CODE = YES;
				CLANG_WARN__DUPLICATE_METHOD_MATCH = YES;
				COPY_PHASE_STRIP = NO;
				DEBUG_INFORMATION_FORMAT = "dwarf-with-dsym";
				ENABLE_NS_ASSERTIONS = NO;
				ENABLE_STRICT_OBJC_MSGSEND = YES;
				ENABLE_USER_SCRIPT_SANDBOXING = YES;
				GCC_C_LANGUAGE_STANDARD = gnu17;
				GCC_NO_COMMON_BLOCKS = YES;
				GCC_WARN_64_TO_32_BIT_CONVERSION = YES;
				GCC_WARN_ABOUT_RETURN_TYPE = YES_ERROR;
				GCC_WARN_UNDECLARED_SELECTOR = YES;
				GCC_WARN_UNINITIALIZED_AUTOS = YES_AGGRESSIVE;
				GCC_WARN_UNUSED_FUNCTION = YES;
				GCC_WARN_UNUSED_VARIABLE = YES;
				IPHONEOS_DEPLOYMENT_TARGET = 17.0;
				LOCALIZATION_PREFERS_STRING_CATALOGS = YES;
				MTL_ENABLE_DEBUG_INFO = NO;
				MTL_FAST_MATH = YES;
				SDKROOT = iphoneos;
				SWIFT_COMPILATION_MODE = wholemodule;
				VALIDATE_PRODUCT = YES;
			};
			name = Release;
		};
		964788F22B1790B1009BAA78 /* Debug */ = {
			isa = XCBuildConfiguration;
			buildSettings = {
				ASSETCATALOG_COMPILER_APPICON_NAME = AppIcon;
				ASSETCATALOG_COMPILER_GLOBAL_ACCENT_COLOR_NAME = AccentColor;
				CODE_SIGN_STYLE = Automatic;
				CURRENT_PROJECT_VERSION = 1;
				DEVELOPMENT_ASSET_PATHS = "\"qqself/Preview Content\"";
				DEVELOPMENT_TEAM = W3G49762MS;
				ENABLE_PREVIEWS = YES;
				GENERATE_INFOPLIST_FILE = YES;
				INFOPLIST_KEY_UIApplicationSceneManifest_Generation = YES;
				INFOPLIST_KEY_UIApplicationSupportsIndirectInputEvents = YES;
				INFOPLIST_KEY_UILaunchScreen_Generation = YES;
				INFOPLIST_KEY_UISupportedInterfaceOrientations_iPad = "UIInterfaceOrientationPortrait UIInterfaceOrientationPortraitUpsideDown UIInterfaceOrientationLandscapeLeft UIInterfaceOrientationLandscapeRight";
				INFOPLIST_KEY_UISupportedInterfaceOrientations_iPhone = "UIInterfaceOrientationPortrait UIInterfaceOrientationLandscapeLeft UIInterfaceOrientationLandscapeRight";
				LD_RUNPATH_SEARCH_PATHS = (
					"$(inherited)",
					"@executable_path/Frameworks",
				);
				MARKETING_VERSION = 1.0;
				PRODUCT_BUNDLE_IDENTIFIER = com.qqself.qqself;
				PRODUCT_NAME = "$(TARGET_NAME)";
				SWIFT_EMIT_LOC_STRINGS = YES;
				SWIFT_VERSION = 5.0;
				TARGETED_DEVICE_FAMILY = "1,2";
			};
			name = Debug;
		};
		964788F32B1790B1009BAA78 /* Release */ = {
			isa = XCBuildConfiguration;
			buildSettings = {
				ASSETCATALOG_COMPILER_APPICON_NAME = AppIcon;
				ASSETCATALOG_COMPILER_GLOBAL_ACCENT_COLOR_NAME = AccentColor;
				CODE_SIGN_STYLE = Automatic;
				CURRENT_PROJECT_VERSION = 1;
				DEVELOPMENT_ASSET_PATHS = "\"qqself/Preview Content\"";
				DEVELOPMENT_TEAM = W3G49762MS;
				ENABLE_PREVIEWS = YES;
				GENERATE_INFOPLIST_FILE = YES;
				INFOPLIST_KEY_UIApplicationSceneManifest_Generation = YES;
				INFOPLIST_KEY_UIApplicationSupportsIndirectInputEvents = YES;
				INFOPLIST_KEY_UILaunchScreen_Generation = YES;
				INFOPLIST_KEY_UISupportedInterfaceOrientations_iPad = "UIInterfaceOrientationPortrait UIInterfaceOrientationPortraitUpsideDown UIInterfaceOrientationLandscapeLeft UIInterfaceOrientationLandscapeRight";
				INFOPLIST_KEY_UISupportedInterfaceOrientations_iPhone = "UIInterfaceOrientationPortrait UIInterfaceOrientationLandscapeLeft UIInterfaceOrientationLandscapeRight";
				LD_RUNPATH_SEARCH_PATHS = (
					"$(inherited)",
					"@executable_path/Frameworks",
				);
				MARKETING_VERSION = 1.0;
				PRODUCT_BUNDLE_IDENTIFIER = com.qqself.qqself;
				PRODUCT_NAME = "$(TARGET_NAME)";
				SWIFT_EMIT_LOC_STRINGS = YES;
				SWIFT_VERSION = 5.0;
				TARGETED_DEVICE_FAMILY = "1,2";
			};
			name = Release;
		};
		964788F52B1790B1009BAA78 /* Debug */ = {
			isa = XCBuildConfiguration;
			buildSettings = {
				ALWAYS_EMBED_SWIFT_STANDARD_LIBRARIES = YES;
				BUNDLE_LOADER = "$(TEST_HOST)";
				CODE_SIGN_STYLE = Automatic;
				CURRENT_PROJECT_VERSION = 1;
				DEVELOPMENT_TEAM = W3G49762MS;
				GENERATE_INFOPLIST_FILE = YES;
				IPHONEOS_DEPLOYMENT_TARGET = 17.0;
				MARKETING_VERSION = 1.0;
				PRODUCT_BUNDLE_IDENTIFIER = com.qqself.qqselfTests;
				PRODUCT_NAME = "$(TARGET_NAME)";
				SWIFT_EMIT_LOC_STRINGS = NO;
				SWIFT_VERSION = 5.0;
				TARGETED_DEVICE_FAMILY = "1,2";
				TEST_HOST = "$(BUILT_PRODUCTS_DIR)/qqself.app/$(BUNDLE_EXECUTABLE_FOLDER_PATH)/qqself";
			};
			name = Debug;
		};
		964788F62B1790B1009BAA78 /* Release */ = {
			isa = XCBuildConfiguration;
			buildSettings = {
				ALWAYS_EMBED_SWIFT_STANDARD_LIBRARIES = YES;
				BUNDLE_LOADER = "$(TEST_HOST)";
				CODE_SIGN_STYLE = Automatic;
				CURRENT_PROJECT_VERSION = 1;
				DEVELOPMENT_TEAM = W3G49762MS;
				GENERATE_INFOPLIST_FILE = YES;
				IPHONEOS_DEPLOYMENT_TARGET = 17.0;
				MARKETING_VERSION = 1.0;
				PRODUCT_BUNDLE_IDENTIFIER = com.qqself.qqselfTests;
				PRODUCT_NAME = "$(TARGET_NAME)";
				SWIFT_EMIT_LOC_STRINGS = NO;
				SWIFT_VERSION = 5.0;
				TARGETED_DEVICE_FAMILY = "1,2";
				TEST_HOST = "$(BUILT_PRODUCTS_DIR)/qqself.app/$(BUNDLE_EXECUTABLE_FOLDER_PATH)/qqself";
			};
			name = Release;
		};
		964788F82B1790B1009BAA78 /* Debug */ = {
			isa = XCBuildConfiguration;
			buildSettings = {
				ALWAYS_EMBED_SWIFT_STANDARD_LIBRARIES = YES;
				CODE_SIGN_STYLE = Automatic;
				CURRENT_PROJECT_VERSION = 1;
				DEVELOPMENT_TEAM = W3G49762MS;
				GENERATE_INFOPLIST_FILE = YES;
				MARKETING_VERSION = 1.0;
				PRODUCT_BUNDLE_IDENTIFIER = com.qqself.qqselfUITests;
				PRODUCT_NAME = "$(TARGET_NAME)";
				SWIFT_EMIT_LOC_STRINGS = NO;
				SWIFT_VERSION = 5.0;
				TARGETED_DEVICE_FAMILY = "1,2";
				TEST_TARGET_NAME = qqself;
			};
			name = Debug;
		};
		964788F92B1790B1009BAA78 /* Release */ = {
			isa = XCBuildConfiguration;
			buildSettings = {
				ALWAYS_EMBED_SWIFT_STANDARD_LIBRARIES = YES;
				CODE_SIGN_STYLE = Automatic;
				CURRENT_PROJECT_VERSION = 1;
				DEVELOPMENT_TEAM = W3G49762MS;
				GENERATE_INFOPLIST_FILE = YES;
				MARKETING_VERSION = 1.0;
				PRODUCT_BUNDLE_IDENTIFIER = com.qqself.qqselfUITests;
				PRODUCT_NAME = "$(TARGET_NAME)";
				SWIFT_EMIT_LOC_STRINGS = NO;
				SWIFT_VERSION = 5.0;
				TARGETED_DEVICE_FAMILY = "1,2";
				TEST_TARGET_NAME = qqself;
			};
			name = Release;
		};
/* End XCBuildConfiguration section */

/* Begin XCConfigurationList section */
		964788C82B1790AF009BAA78 /* Build configuration list for PBXProject "qqself" */ = {
			isa = XCConfigurationList;
			buildConfigurations = (
				964788EF2B1790B1009BAA78 /* Debug */,
				964788F02B1790B1009BAA78 /* Release */,
			);
			defaultConfigurationIsVisible = 0;
			defaultConfigurationName = Release;
		};
		964788F12B1790B1009BAA78 /* Build configuration list for PBXNativeTarget "qqself" */ = {
			isa = XCConfigurationList;
			buildConfigurations = (
				964788F22B1790B1009BAA78 /* Debug */,
				964788F32B1790B1009BAA78 /* Release */,
			);
			defaultConfigurationIsVisible = 0;
			defaultConfigurationName = Release;
		};
		964788F42B1790B1009BAA78 /* Build configuration list for PBXNativeTarget "qqselfTests" */ = {
			isa = XCConfigurationList;
			buildConfigurations = (
				964788F52B1790B1009BAA78 /* Debug */,
				964788F62B1790B1009BAA78 /* Release */,
			);
			defaultConfigurationIsVisible = 0;
			defaultConfigurationName = Release;
		};
		964788F72B1790B1009BAA78 /* Build configuration list for PBXNativeTarget "qqselfUITests" */ = {
			isa = XCConfigurationList;
			buildConfigurations = (
				964788F82B1790B1009BAA78 /* Debug */,
				964788F92B1790B1009BAA78 /* Release */,
			);
			defaultConfigurationIsVisible = 0;
			defaultConfigurationName = Release;
		};
/* End XCConfigurationList section */

/* Begin XCLocalSwiftPackageReference section */
		96C948D12B17911200D3D969 /* XCLocalSwiftPackageReference "qqselfCoreLib" */ = {
			isa = XCLocalSwiftPackageReference;
			relativePath = qqselfCoreLib;
		};
/* End XCLocalSwiftPackageReference section */

/* Begin XCSwiftPackageProductDependency section */
		96C948D22B17911200D3D969 /* qqselfCoreLib */ = {
			isa = XCSwiftPackageProductDependency;
			productName = qqselfCoreLib;
		};
/* End XCSwiftPackageProductDependency section */
	};
	rootObject = 964788C52B1790AF009BAA78 /* Project object */;
}
