// !$*UTF8*$!
{
	archiveVersion = 1;
	classes = {
	};
	objectVersion = 60;
	objects = {

/* Begin PBXBuildFile section */
		961271CA2B22FB9F006318F6 /* Storage.swift in Sources */ = {isa = PBXBuildFile; fileRef = 961271C92B22FB9F006318F6 /* Storage.swift */; };
		961BB4E62B21A72D0032BD98 /* ServerApi.swift in Sources */ = {isa = PBXBuildFile; fileRef = 961BB4E52B21A72D0032BD98 /* ServerApi.swift */; };
		961BB4EB2B21B48F0032BD98 /* Logger.swift in Sources */ = {isa = PBXBuildFile; fileRef = 961BB4EA2B21B48F0032BD98 /* Logger.swift */; };
		964788D12B1790AF009BAA78 /* qqselfApp.swift in Sources */ = {isa = PBXBuildFile; fileRef = 964788D02B1790AF009BAA78 /* qqselfApp.swift */; };
		964788D52B1790B0009BAA78 /* Assets.xcassets in Resources */ = {isa = PBXBuildFile; fileRef = 964788D42B1790B0009BAA78 /* Assets.xcassets */; };
		964788D82B1790B0009BAA78 /* Preview Assets.xcassets in Resources */ = {isa = PBXBuildFile; fileRef = 964788D72B1790B0009BAA78 /* Preview Assets.xcassets */; };
		966CB2D02B1DC0660011DF2D /* MainPage.swift in Sources */ = {isa = PBXBuildFile; fileRef = 966CB2CF2B1DC0660011DF2D /* MainPage.swift */; };
		966CB2D62B1DC09F0011DF2D /* icon_week.svg in Resources */ = {isa = PBXBuildFile; fileRef = 966CB2D22B1DC09F0011DF2D /* icon_week.svg */; };
		966CB2D72B1DC09F0011DF2D /* icon_id.svg in Resources */ = {isa = PBXBuildFile; fileRef = 966CB2D32B1DC09F0011DF2D /* icon_id.svg */; };
		966CB2D82B1DC09F0011DF2D /* icon_journal.svg in Resources */ = {isa = PBXBuildFile; fileRef = 966CB2D42B1DC09F0011DF2D /* icon_journal.svg */; };
		966CB2D92B1DC09F0011DF2D /* icon_rejection.svg in Resources */ = {isa = PBXBuildFile; fileRef = 966CB2D52B1DC09F0011DF2D /* icon_rejection.svg */; };
		966CB2DB2B1DC5860011DF2D /* WeekView.swift in Sources */ = {isa = PBXBuildFile; fileRef = 966CB2DA2B1DC5860011DF2D /* WeekView.swift */; };
		966CB2DD2B1DC5DC0011DF2D /* JournalView.swift in Sources */ = {isa = PBXBuildFile; fileRef = 966CB2DC2B1DC5DC0011DF2D /* JournalView.swift */; };
		966CB2DF2B1DC60D0011DF2D /* SkillsView.swift in Sources */ = {isa = PBXBuildFile; fileRef = 966CB2DE2B1DC60D0011DF2D /* SkillsView.swift */; };
		966CB2E12B1DC62D0011DF2D /* RejectionsView.swift in Sources */ = {isa = PBXBuildFile; fileRef = 966CB2E02B1DC62D0011DF2D /* RejectionsView.swift */; };
		9670BD3B2B23361900ED6AF0 /* ApiTests.swift in Sources */ = {isa = PBXBuildFile; fileRef = 961BB4E82B21A9E90032BD98 /* ApiTests.swift */; };
		9670BD3C2B23361B00ED6AF0 /* StorageTests.swift in Sources */ = {isa = PBXBuildFile; fileRef = 96D5BFEB2B22FC65005881B4 /* StorageTests.swift */; };
		9670BD3D2B23366500ED6AF0 /* ServerApi.swift in Sources */ = {isa = PBXBuildFile; fileRef = 961BB4E52B21A72D0032BD98 /* ServerApi.swift */; };
		9670BD3E2B23367500ED6AF0 /* Storage.swift in Sources */ = {isa = PBXBuildFile; fileRef = 961271C92B22FB9F006318F6 /* Storage.swift */; };
		9670BD3F2B23368000ED6AF0 /* SqliteStorage.swift in Sources */ = {isa = PBXBuildFile; fileRef = 96D5BFEE2B22FE47005881B4 /* SqliteStorage.swift */; };
		9670BD402B23368300ED6AF0 /* MemoryStorage.swift in Sources */ = {isa = PBXBuildFile; fileRef = 96D5BFF02B22FE55005881B4 /* MemoryStorage.swift */; };
		96C948D32B17911200D3D969 /* qqselfCoreLib in Frameworks */ = {isa = PBXBuildFile; productRef = 96C948D22B17911200D3D969 /* qqselfCoreLib */; };
		96D5BFEF2B22FE47005881B4 /* SqliteStorage.swift in Sources */ = {isa = PBXBuildFile; fileRef = 96D5BFEE2B22FE47005881B4 /* SqliteStorage.swift */; };
		96D5BFF12B22FE55005881B4 /* MemoryStorage.swift in Sources */ = {isa = PBXBuildFile; fileRef = 96D5BFF02B22FE55005881B4 /* MemoryStorage.swift */; };
		96F6CCA62B2D644D008F4A97 /* LoginPage.swift in Sources */ = {isa = PBXBuildFile; fileRef = 96F6CCA52B2D644D008F4A97 /* LoginPage.swift */; };
		96F6CCA82B2D64CF008F4A97 /* LogoBlock.swift in Sources */ = {isa = PBXBuildFile; fileRef = 96F6CCA72B2D64CF008F4A97 /* LogoBlock.swift */; };
		96F6CCAA2B2D655B008F4A97 /* logo_512.png in Resources */ = {isa = PBXBuildFile; fileRef = 96F6CCA92B2D655B008F4A97 /* logo_512.png */; };
		96F6CCAC2B2D6A0E008F4A97 /* Button.swift in Sources */ = {isa = PBXBuildFile; fileRef = 96F6CCAB2B2D6A0E008F4A97 /* Button.swift */; };
/* End PBXBuildFile section */

/* Begin PBXContainerItemProxy section */
		964788DE2B1790B1009BAA78 /* PBXContainerItemProxy */ = {
			isa = PBXContainerItemProxy;
			containerPortal = 964788C52B1790AF009BAA78 /* Project object */;
			proxyType = 1;
			remoteGlobalIDString = 964788CC2B1790AF009BAA78;
			remoteInfo = qqself;
		};
/* End PBXContainerItemProxy section */

/* Begin PBXFileReference section */
		961271C92B22FB9F006318F6 /* Storage.swift */ = {isa = PBXFileReference; lastKnownFileType = sourcecode.swift; path = Storage.swift; sourceTree = "<group>"; };
		961BB4E52B21A72D0032BD98 /* ServerApi.swift */ = {isa = PBXFileReference; lastKnownFileType = sourcecode.swift; path = ServerApi.swift; sourceTree = "<group>"; };
		961BB4E82B21A9E90032BD98 /* ApiTests.swift */ = {isa = PBXFileReference; lastKnownFileType = sourcecode.swift; path = ApiTests.swift; sourceTree = "<group>"; };
		961BB4EA2B21B48F0032BD98 /* Logger.swift */ = {isa = PBXFileReference; lastKnownFileType = sourcecode.swift; path = Logger.swift; sourceTree = "<group>"; };
		964788CD2B1790AF009BAA78 /* qqself.app */ = {isa = PBXFileReference; explicitFileType = wrapper.application; includeInIndex = 0; path = qqself.app; sourceTree = BUILT_PRODUCTS_DIR; };
		964788D02B1790AF009BAA78 /* qqselfApp.swift */ = {isa = PBXFileReference; lastKnownFileType = sourcecode.swift; path = qqselfApp.swift; sourceTree = "<group>"; };
		964788D42B1790B0009BAA78 /* Assets.xcassets */ = {isa = PBXFileReference; lastKnownFileType = folder.assetcatalog; path = Assets.xcassets; sourceTree = "<group>"; };
		964788D72B1790B0009BAA78 /* Preview Assets.xcassets */ = {isa = PBXFileReference; lastKnownFileType = folder.assetcatalog; path = "Preview Assets.xcassets"; sourceTree = "<group>"; };
		964788DD2B1790B1009BAA78 /* qqselfTests.xctest */ = {isa = PBXFileReference; explicitFileType = wrapper.cfbundle; includeInIndex = 0; path = qqselfTests.xctest; sourceTree = BUILT_PRODUCTS_DIR; };
		966CB2CF2B1DC0660011DF2D /* MainPage.swift */ = {isa = PBXFileReference; lastKnownFileType = sourcecode.swift; path = MainPage.swift; sourceTree = "<group>"; };
		966CB2D22B1DC09F0011DF2D /* icon_week.svg */ = {isa = PBXFileReference; fileEncoding = 4; lastKnownFileType = text; path = icon_week.svg; sourceTree = "<group>"; };
		966CB2D32B1DC09F0011DF2D /* icon_id.svg */ = {isa = PBXFileReference; fileEncoding = 4; lastKnownFileType = text; path = icon_id.svg; sourceTree = "<group>"; };
		966CB2D42B1DC09F0011DF2D /* icon_journal.svg */ = {isa = PBXFileReference; fileEncoding = 4; lastKnownFileType = text; path = icon_journal.svg; sourceTree = "<group>"; };
		966CB2D52B1DC09F0011DF2D /* icon_rejection.svg */ = {isa = PBXFileReference; fileEncoding = 4; lastKnownFileType = text; path = icon_rejection.svg; sourceTree = "<group>"; };
		966CB2DA2B1DC5860011DF2D /* WeekView.swift */ = {isa = PBXFileReference; lastKnownFileType = sourcecode.swift; name = WeekView.swift; path = qqself/UI/Components/WeekView.swift; sourceTree = SOURCE_ROOT; };
		966CB2DC2B1DC5DC0011DF2D /* JournalView.swift */ = {isa = PBXFileReference; lastKnownFileType = sourcecode.swift; path = JournalView.swift; sourceTree = "<group>"; };
		966CB2DE2B1DC60D0011DF2D /* SkillsView.swift */ = {isa = PBXFileReference; lastKnownFileType = sourcecode.swift; path = SkillsView.swift; sourceTree = "<group>"; };
		966CB2E02B1DC62D0011DF2D /* RejectionsView.swift */ = {isa = PBXFileReference; lastKnownFileType = sourcecode.swift; path = RejectionsView.swift; sourceTree = "<group>"; };
		96D5BFEB2B22FC65005881B4 /* StorageTests.swift */ = {isa = PBXFileReference; lastKnownFileType = sourcecode.swift; path = StorageTests.swift; sourceTree = "<group>"; };
		96D5BFEE2B22FE47005881B4 /* SqliteStorage.swift */ = {isa = PBXFileReference; lastKnownFileType = sourcecode.swift; path = SqliteStorage.swift; sourceTree = "<group>"; };
		96D5BFF02B22FE55005881B4 /* MemoryStorage.swift */ = {isa = PBXFileReference; lastKnownFileType = sourcecode.swift; path = MemoryStorage.swift; sourceTree = "<group>"; };
		96F6CCA52B2D644D008F4A97 /* LoginPage.swift */ = {isa = PBXFileReference; lastKnownFileType = sourcecode.swift; path = LoginPage.swift; sourceTree = "<group>"; };
		96F6CCA72B2D64CF008F4A97 /* LogoBlock.swift */ = {isa = PBXFileReference; lastKnownFileType = sourcecode.swift; path = LogoBlock.swift; sourceTree = "<group>"; };
		96F6CCA92B2D655B008F4A97 /* logo_512.png */ = {isa = PBXFileReference; lastKnownFileType = image.png; path = logo_512.png; sourceTree = "<group>"; };
		96F6CCAB2B2D6A0E008F4A97 /* Button.swift */ = {isa = PBXFileReference; lastKnownFileType = sourcecode.swift; path = Button.swift; sourceTree = "<group>"; };
/* End PBXFileReference section */

/* Begin PBXFrameworksBuildPhase section */
		964788CA2B1790AF009BAA78 /* Frameworks */ = {
			isa = PBXFrameworksBuildPhase;
			buildActionMask = 2147483647;
			files = (
				96C948D32B17911200D3D969 /* qqselfCoreLib in Frameworks */,
			);
			runOnlyForDeploymentPostprocessing = 0;
		};
		964788DA2B1790B1009BAA78 /* Frameworks */ = {
			isa = PBXFrameworksBuildPhase;
			buildActionMask = 2147483647;
			files = (
			);
			runOnlyForDeploymentPostprocessing = 0;
		};
/* End PBXFrameworksBuildPhase section */

/* Begin PBXGroup section */
		964788C42B1790AF009BAA78 = {
			isa = PBXGroup;
			children = (
				964788CF2B1790AF009BAA78 /* qqself */,
				964788E02B1790B1009BAA78 /* qqselfTests */,
				964788CE2B1790AF009BAA78 /* Products */,
			);
			sourceTree = "<group>";
		};
		964788CE2B1790AF009BAA78 /* Products */ = {
			isa = PBXGroup;
			children = (
				964788CD2B1790AF009BAA78 /* qqself.app */,
				964788DD2B1790B1009BAA78 /* qqselfTests.xctest */,
			);
			name = Products;
			sourceTree = "<group>";
		};
		964788CF2B1790AF009BAA78 /* qqself */ = {
			isa = PBXGroup;
			children = (
				966CB2E22B1DC6710011DF2D /* App */,
				966CB2CC2B1DC0140011DF2D /* UI */,
				964788D42B1790B0009BAA78 /* Assets.xcassets */,
				964788D62B1790B0009BAA78 /* Preview Content */,
			);
			path = qqself;
			sourceTree = "<group>";
		};
		964788D62B1790B0009BAA78 /* Preview Content */ = {
			isa = PBXGroup;
			children = (
				964788D72B1790B0009BAA78 /* Preview Assets.xcassets */,
			);
			path = "Preview Content";
			sourceTree = "<group>";
		};
		964788E02B1790B1009BAA78 /* qqselfTests */ = {
			isa = PBXGroup;
			children = (
				961BB4E82B21A9E90032BD98 /* ApiTests.swift */,
				96D5BFEB2B22FC65005881B4 /* StorageTests.swift */,
			);
			path = qqselfTests;
			sourceTree = "<group>";
		};
		966CB2CC2B1DC0140011DF2D /* UI */ = {
			isa = PBXGroup;
			children = (
				96F6CCA32B2D63F0008F4A97 /* Controls */,
				96F6CCA42B2D6404008F4A97 /* Components */,
				96F6CCA22B2D63EA008F4A97 /* Pages */,
				966CB2D12B1DC0810011DF2D /* Static */,
			);
			path = UI;
			sourceTree = "<group>";
		};
		966CB2D12B1DC0810011DF2D /* Static */ = {
			isa = PBXGroup;
			children = (
				96F6CCA92B2D655B008F4A97 /* logo_512.png */,
				966CB2D32B1DC09F0011DF2D /* icon_id.svg */,
				966CB2D42B1DC09F0011DF2D /* icon_journal.svg */,
				966CB2D52B1DC09F0011DF2D /* icon_rejection.svg */,
				966CB2D22B1DC09F0011DF2D /* icon_week.svg */,
			);
			path = Static;
			sourceTree = "<group>";
		};
		966CB2E22B1DC6710011DF2D /* App */ = {
			isa = PBXGroup;
			children = (
				96D5BFED2B22FE28005881B4 /* Storage */,
				964788D02B1790AF009BAA78 /* qqselfApp.swift */,
				961BB4E52B21A72D0032BD98 /* ServerApi.swift */,
				961BB4EA2B21B48F0032BD98 /* Logger.swift */,
			);
			path = App;
			sourceTree = "<group>";
		};
		96D5BFED2B22FE28005881B4 /* Storage */ = {
			isa = PBXGroup;
			children = (
				961271C92B22FB9F006318F6 /* Storage.swift */,
				96D5BFEE2B22FE47005881B4 /* SqliteStorage.swift */,
				96D5BFF02B22FE55005881B4 /* MemoryStorage.swift */,
			);
			path = Storage;
			sourceTree = "<group>";
		};
		96F6CCA22B2D63EA008F4A97 /* Pages */ = {
			isa = PBXGroup;
			children = (
				966CB2CF2B1DC0660011DF2D /* MainPage.swift */,
				96F6CCA52B2D644D008F4A97 /* LoginPage.swift */,
			);
			path = Pages;
			sourceTree = "<group>";
		};
		96F6CCA32B2D63F0008F4A97 /* Controls */ = {
			isa = PBXGroup;
			children = (
				96F6CCAB2B2D6A0E008F4A97 /* Button.swift */,
			);
			path = Controls;
			sourceTree = "<group>";
		};
		96F6CCA42B2D6404008F4A97 /* Components */ = {
			isa = PBXGroup;
			children = (
				966CB2DA2B1DC5860011DF2D /* WeekView.swift */,
				966CB2DC2B1DC5DC0011DF2D /* JournalView.swift */,
				966CB2DE2B1DC60D0011DF2D /* SkillsView.swift */,
				966CB2E02B1DC62D0011DF2D /* RejectionsView.swift */,
				96F6CCA72B2D64CF008F4A97 /* LogoBlock.swift */,
			);
			path = Components;
			sourceTree = "<group>";
		};
/* End PBXGroup section */

/* Begin PBXNativeTarget section */
		964788CC2B1790AF009BAA78 /* qqself */ = {
			isa = PBXNativeTarget;
			buildConfigurationList = 964788F12B1790B1009BAA78 /* Build configuration list for PBXNativeTarget "qqself" */;
			buildPhases = (
				964788C92B1790AF009BAA78 /* Sources */,
				964788CA2B1790AF009BAA78 /* Frameworks */,
				964788CB2B1790AF009BAA78 /* Resources */,
			);
			buildRules = (
			);
			dependencies = (
			);
			name = qqself;
			packageProductDependencies = (
				96C948D22B17911200D3D969 /* qqselfCoreLib */,
			);
			productName = qqself;
			productReference = 964788CD2B1790AF009BAA78 /* qqself.app */;
			productType = "com.apple.product-type.application";
		};
		964788DC2B1790B1009BAA78 /* qqselfTests */ = {
			isa = PBXNativeTarget;
			buildConfigurationList = 964788F42B1790B1009BAA78 /* Build configuration list for PBXNativeTarget "qqselfTests" */;
			buildPhases = (
				964788D92B1790B1009BAA78 /* Sources */,
				964788DA2B1790B1009BAA78 /* Frameworks */,
				964788DB2B1790B1009BAA78 /* Resources */,
			);
			buildRules = (
			);
			dependencies = (
				964788DF2B1790B1009BAA78 /* PBXTargetDependency */,
			);
			name = qqselfTests;
			productName = qqselfTests;
			productReference = 964788DD2B1790B1009BAA78 /* qqselfTests.xctest */;
			productType = "com.apple.product-type.bundle.unit-test";
		};
/* End PBXNativeTarget section */

/* Begin PBXProject section */
		964788C52B1790AF009BAA78 /* Project object */ = {
			isa = PBXProject;
			attributes = {
				BuildIndependentTargetsInParallel = 1;
				LastSwiftUpdateCheck = 1500;
				LastUpgradeCheck = 1500;
				TargetAttributes = {
					964788CC2B1790AF009BAA78 = {
						CreatedOnToolsVersion = 15.0.1;
					};
					964788DC2B1790B1009BAA78 = {
						CreatedOnToolsVersion = 15.0.1;
						TestTargetID = 964788CC2B1790AF009BAA78;
					};
				};
			};
			buildConfigurationList = 964788C82B1790AF009BAA78 /* Build configuration list for PBXProject "qqself" */;
			compatibilityVersion = "Xcode 14.0";
			developmentRegion = en;
			hasScannedForEncodings = 0;
			knownRegions = (
				en,
				Base,
			);
			mainGroup = 964788C42B1790AF009BAA78;
			packageReferences = (
				96C948D12B17911200D3D969 /* XCLocalSwiftPackageReference "qqselfCoreLib" */,
			);
			productRefGroup = 964788CE2B1790AF009BAA78 /* Products */;
			projectDirPath = "";
			projectRoot = "";
			targets = (
				964788CC2B1790AF009BAA78 /* qqself */,
				964788DC2B1790B1009BAA78 /* qqselfTests */,
			);
		};
/* End PBXProject section */

/* Begin PBXResourcesBuildPhase section */
		964788CB2B1790AF009BAA78 /* Resources */ = {
			isa = PBXResourcesBuildPhase;
			buildActionMask = 2147483647;
			files = (
				96F6CCAA2B2D655B008F4A97 /* logo_512.png in Resources */,
				964788D82B1790B0009BAA78 /* Preview Assets.xcassets in Resources */,
				966CB2D92B1DC09F0011DF2D /* icon_rejection.svg in Resources */,
				966CB2D82B1DC09F0011DF2D /* icon_journal.svg in Resources */,
				966CB2D62B1DC09F0011DF2D /* icon_week.svg in Resources */,
				966CB2D72B1DC09F0011DF2D /* icon_id.svg in Resources */,
				964788D52B1790B0009BAA78 /* Assets.xcassets in Resources */,
			);
			runOnlyForDeploymentPostprocessing = 0;
		};
		964788DB2B1790B1009BAA78 /* Resources */ = {
			isa = PBXResourcesBuildPhase;
			buildActionMask = 2147483647;
			files = (
			);
			runOnlyForDeploymentPostprocessing = 0;
		};
/* End PBXResourcesBuildPhase section */

/* Begin PBXSourcesBuildPhase section */
		964788C92B1790AF009BAA78 /* Sources */ = {
			isa = PBXSourcesBuildPhase;
			buildActionMask = 2147483647;
			files = (
				96D5BFF12B22FE55005881B4 /* MemoryStorage.swift in Sources */,
				96F6CCA82B2D64CF008F4A97 /* LogoBlock.swift in Sources */,
				966CB2E12B1DC62D0011DF2D /* RejectionsView.swift in Sources */,
				966CB2DB2B1DC5860011DF2D /* WeekView.swift in Sources */,
				966CB2DF2B1DC60D0011DF2D /* SkillsView.swift in Sources */,
				96F6CCA62B2D644D008F4A97 /* LoginPage.swift in Sources */,
				966CB2D02B1DC0660011DF2D /* MainPage.swift in Sources */,
				96F6CCAC2B2D6A0E008F4A97 /* Button.swift in Sources */,
				966CB2DD2B1DC5DC0011DF2D /* JournalView.swift in Sources */,
				961BB4E62B21A72D0032BD98 /* ServerApi.swift in Sources */,
				96D5BFEF2B22FE47005881B4 /* SqliteStorage.swift in Sources */,
				964788D12B1790AF009BAA78 /* qqselfApp.swift in Sources */,
				961BB4EB2B21B48F0032BD98 /* Logger.swift in Sources */,
				961271CA2B22FB9F006318F6 /* Storage.swift in Sources */,
			);
			runOnlyForDeploymentPostprocessing = 0;
		};
		964788D92B1790B1009BAA78 /* Sources */ = {
			isa = PBXSourcesBuildPhase;
			buildActionMask = 2147483647;
			files = (
				9670BD402B23368300ED6AF0 /* MemoryStorage.swift in Sources */,
				9670BD3F2B23368000ED6AF0 /* SqliteStorage.swift in Sources */,
				9670BD3D2B23366500ED6AF0 /* ServerApi.swift in Sources */,
				9670BD3E2B23367500ED6AF0 /* Storage.swift in Sources */,
				9670BD3B2B23361900ED6AF0 /* ApiTests.swift in Sources */,
				9670BD3C2B23361B00ED6AF0 /* StorageTests.swift in Sources */,
			);
			runOnlyForDeploymentPostprocessing = 0;
		};
/* End PBXSourcesBuildPhase section */

/* Begin PBXTargetDependency section */
		964788DF2B1790B1009BAA78 /* PBXTargetDependency */ = {
			isa = PBXTargetDependency;
			target = 964788CC2B1790AF009BAA78 /* qqself */;
			targetProxy = 964788DE2B1790B1009BAA78 /* PBXContainerItemProxy */;
		};
/* End PBXTargetDependency section */

/* Begin XCBuildConfiguration section */
		964788EF2B1790B1009BAA78 /* Debug */ = {
			isa = XCBuildConfiguration;
			buildSettings = {
				ALWAYS_SEARCH_USER_PATHS = NO;
				ASSETCATALOG_COMPILER_GENERATE_SWIFT_ASSET_SYMBOL_EXTENSIONS = YES;
				CLANG_ANALYZER_NONNULL = YES;
				CLANG_ANALYZER_NUMBER_OBJECT_CONVERSION = YES_AGGRESSIVE;
				CLANG_CXX_LANGUAGE_STANDARD = "gnu++20";
				CLANG_ENABLE_MODULES = YES;
				CLANG_ENABLE_OBJC_ARC = YES;
				CLANG_ENABLE_OBJC_WEAK = YES;
				CLANG_WARN_BLOCK_CAPTURE_AUTORELEASING = YES;
				CLANG_WARN_BOOL_CONVERSION = YES;
				CLANG_WARN_COMMA = YES;
				CLANG_WARN_CONSTANT_CONVERSION = YES;
				CLANG_WARN_DEPRECATED_OBJC_IMPLEMENTATIONS = YES;
				CLANG_WARN_DIRECT_OBJC_ISA_USAGE = YES_ERROR;
				CLANG_WARN_DOCUMENTATION_COMMENTS = YES;
				CLANG_WARN_EMPTY_BODY = YES;
				CLANG_WARN_ENUM_CONVERSION = YES;
				CLANG_WARN_INFINITE_RECURSION = YES;
				CLANG_WARN_INT_CONVERSION = YES;
				CLANG_WARN_NON_LITERAL_NULL_CONVERSION = YES;
				CLANG_WARN_OBJC_IMPLICIT_RETAIN_SELF = YES;
				CLANG_WARN_OBJC_LITERAL_CONVERSION = YES;
				CLANG_WARN_OBJC_ROOT_CLASS = YES_ERROR;
				CLANG_WARN_QUOTED_INCLUDE_IN_FRAMEWORK_HEADER = YES;
				CLANG_WARN_RANGE_LOOP_ANALYSIS = YES;
				CLANG_WARN_STRICT_PROTOTYPES = YES;
				CLANG_WARN_SUSPICIOUS_MOVE = YES;
				CLANG_WARN_UNGUARDED_AVAILABILITY = YES_AGGRESSIVE;
				CLANG_WARN_UNREACHABLE_CODE = YES;
				CLANG_WARN__DUPLICATE_METHOD_MATCH = YES;
				COPY_PHASE_STRIP = NO;
				DEBUG_INFORMATION_FORMAT = dwarf;
				ENABLE_STRICT_OBJC_MSGSEND = YES;
				ENABLE_TESTABILITY = YES;
				ENABLE_USER_SCRIPT_SANDBOXING = YES;
				GCC_C_LANGUAGE_STANDARD = gnu17;
				GCC_DYNAMIC_NO_PIC = NO;
				GCC_NO_COMMON_BLOCKS = YES;
				GCC_OPTIMIZATION_LEVEL = 0;
				GCC_PREPROCESSOR_DEFINITIONS = (
					"DEBUG=1",
					"$(inherited)",
				);
				GCC_WARN_64_TO_32_BIT_CONVERSION = YES;
				GCC_WARN_ABOUT_RETURN_TYPE = YES_ERROR;
				GCC_WARN_UNDECLARED_SELECTOR = YES;
				GCC_WARN_UNINITIALIZED_AUTOS = YES_AGGRESSIVE;
				GCC_WARN_UNUSED_FUNCTION = YES;
				GCC_WARN_UNUSED_VARIABLE = YES;
				IPHONEOS_DEPLOYMENT_TARGET = 17.0;
				LOCALIZATION_PREFERS_STRING_CATALOGS = YES;
				MTL_ENABLE_DEBUG_INFO = INCLUDE_SOURCE;
				MTL_FAST_MATH = YES;
				ONLY_ACTIVE_ARCH = YES;
				SDKROOT = iphoneos;
				SWIFT_ACTIVE_COMPILATION_CONDITIONS = "DEBUG $(inherited)";
				SWIFT_OPTIMIZATION_LEVEL = "-Onone";
			};
			name = Debug;
		};
		964788F02B1790B1009BAA78 /* Release */ = {
			isa = XCBuildConfiguration;
			buildSettings = {
				ALWAYS_SEARCH_USER_PATHS = NO;
				ASSETCATALOG_COMPILER_GENERATE_SWIFT_ASSET_SYMBOL_EXTENSIONS = YES;
				CLANG_ANALYZER_NONNULL = YES;
				CLANG_ANALYZER_NUMBER_OBJECT_CONVERSION = YES_AGGRESSIVE;
				CLANG_CXX_LANGUAGE_STANDARD = "gnu++20";
				CLANG_ENABLE_MODULES = YES;
				CLANG_ENABLE_OBJC_ARC = YES;
				CLANG_ENABLE_OBJC_WEAK = YES;
				CLANG_WARN_BLOCK_CAPTURE_AUTORELEASING = YES;
				CLANG_WARN_BOOL_CONVERSION = YES;
				CLANG_WARN_COMMA = YES;
				CLANG_WARN_CONSTANT_CONVERSION = YES;
				CLANG_WARN_DEPRECATED_OBJC_IMPLEMENTATIONS = YES;
				CLANG_WARN_DIRECT_OBJC_ISA_USAGE = YES_ERROR;
				CLANG_WARN_DOCUMENTATION_COMMENTS = YES;
				CLANG_WARN_EMPTY_BODY = YES;
				CLANG_WARN_ENUM_CONVERSION = YES;
				CLANG_WARN_INFINITE_RECURSION = YES;
				CLANG_WARN_INT_CONVERSION = YES;
				CLANG_WARN_NON_LITERAL_NULL_CONVERSION = YES;
				CLANG_WARN_OBJC_IMPLICIT_RETAIN_SELF = YES;
				CLANG_WARN_OBJC_LITERAL_CONVERSION = YES;
				CLANG_WARN_OBJC_ROOT_CLASS = YES_ERROR;
				CLANG_WARN_QUOTED_INCLUDE_IN_FRAMEWORK_HEADER = YES;
				CLANG_WARN_RANGE_LOOP_ANALYSIS = YES;
				CLANG_WARN_STRICT_PROTOTYPES = YES;
				CLANG_WARN_SUSPICIOUS_MOVE = YES;
				CLANG_WARN_UNGUARDED_AVAILABILITY = YES_AGGRESSIVE;
				CLANG_WARN_UNREACHABLE_CODE = YES;
				CLANG_WARN__DUPLICATE_METHOD_MATCH = YES;
				COPY_PHASE_STRIP = NO;
				DEBUG_INFORMATION_FORMAT = "dwarf-with-dsym";
				ENABLE_NS_ASSERTIONS = NO;
				ENABLE_STRICT_OBJC_MSGSEND = YES;
				ENABLE_USER_SCRIPT_SANDBOXING = YES;
				GCC_C_LANGUAGE_STANDARD = gnu17;
				GCC_NO_COMMON_BLOCKS = YES;
				GCC_WARN_64_TO_32_BIT_CONVERSION = YES;
				GCC_WARN_ABOUT_RETURN_TYPE = YES_ERROR;
				GCC_WARN_UNDECLARED_SELECTOR = YES;
				GCC_WARN_UNINITIALIZED_AUTOS = YES_AGGRESSIVE;
				GCC_WARN_UNUSED_FUNCTION = YES;
				GCC_WARN_UNUSED_VARIABLE = YES;
				IPHONEOS_DEPLOYMENT_TARGET = 17.0;
				LOCALIZATION_PREFERS_STRING_CATALOGS = YES;
				MTL_ENABLE_DEBUG_INFO = NO;
				MTL_FAST_MATH = YES;
				SDKROOT = iphoneos;
				SWIFT_COMPILATION_MODE = wholemodule;
				VALIDATE_PRODUCT = YES;
			};
			name = Release;
		};
		964788F22B1790B1009BAA78 /* Debug */ = {
			isa = XCBuildConfiguration;
			buildSettings = {
				ASSETCATALOG_COMPILER_APPICON_NAME = AppIcon;
				ASSETCATALOG_COMPILER_GLOBAL_ACCENT_COLOR_NAME = AccentColor;
				CODE_SIGN_STYLE = Automatic;
				CURRENT_PROJECT_VERSION = 1;
				DEVELOPMENT_ASSET_PATHS = "\"qqself/Preview Content\"";
				DEVELOPMENT_TEAM = W3G49762MS;
				ENABLE_PREVIEWS = YES;
				ENABLE_USER_SCRIPT_SANDBOXING = NO;
				GENERATE_INFOPLIST_FILE = YES;
				INFOPLIST_KEY_UIApplicationSceneManifest_Generation = YES;
				INFOPLIST_KEY_UIApplicationSupportsIndirectInputEvents = YES;
				INFOPLIST_KEY_UILaunchScreen_Generation = YES;
				INFOPLIST_KEY_UISupportedInterfaceOrientations_iPad = "UIInterfaceOrientationPortrait UIInterfaceOrientationPortraitUpsideDown UIInterfaceOrientationLandscapeLeft UIInterfaceOrientationLandscapeRight";
				INFOPLIST_KEY_UISupportedInterfaceOrientations_iPhone = "UIInterfaceOrientationPortrait UIInterfaceOrientationLandscapeLeft UIInterfaceOrientationLandscapeRight";
				IPHONEOS_DEPLOYMENT_TARGET = 17.0;
				LD_RUNPATH_SEARCH_PATHS = (
					"$(inherited)",
					"@executable_path/Frameworks",
				);
				MARKETING_VERSION = 1.0;
				PRODUCT_BUNDLE_IDENTIFIER = com.qqself.qqself;
				PRODUCT_NAME = "$(TARGET_NAME)";
				SWIFT_EMIT_LOC_STRINGS = YES;
				SWIFT_VERSION = 5.0;
				TARGETED_DEVICE_FAMILY = "1,2";
			};
			name = Debug;
		};
		964788F32B1790B1009BAA78 /* Release */ = {
			isa = XCBuildConfiguration;
			buildSettings = {
				ASSETCATALOG_COMPILER_APPICON_NAME = AppIcon;
				ASSETCATALOG_COMPILER_GLOBAL_ACCENT_COLOR_NAME = AccentColor;
				CODE_SIGN_STYLE = Automatic;
				CURRENT_PROJECT_VERSION = 1;
				DEVELOPMENT_ASSET_PATHS = "\"qqself/Preview Content\"";
				DEVELOPMENT_TEAM = W3G49762MS;
				ENABLE_PREVIEWS = YES;
				ENABLE_USER_SCRIPT_SANDBOXING = NO;
				GENERATE_INFOPLIST_FILE = YES;
				INFOPLIST_KEY_UIApplicationSceneManifest_Generation = YES;
				INFOPLIST_KEY_UIApplicationSupportsIndirectInputEvents = YES;
				INFOPLIST_KEY_UILaunchScreen_Generation = YES;
				INFOPLIST_KEY_UISupportedInterfaceOrientations_iPad = "UIInterfaceOrientationPortrait UIInterfaceOrientationPortraitUpsideDown UIInterfaceOrientationLandscapeLeft UIInterfaceOrientationLandscapeRight";
				INFOPLIST_KEY_UISupportedInterfaceOrientations_iPhone = "UIInterfaceOrientationPortrait UIInterfaceOrientationLandscapeLeft UIInterfaceOrientationLandscapeRight";
				IPHONEOS_DEPLOYMENT_TARGET = 17.0;
				LD_RUNPATH_SEARCH_PATHS = (
					"$(inherited)",
					"@executable_path/Frameworks",
				);
				MARKETING_VERSION = 1.0;
				PRODUCT_BUNDLE_IDENTIFIER = com.qqself.qqself;
				PRODUCT_NAME = "$(TARGET_NAME)";
				SWIFT_EMIT_LOC_STRINGS = YES;
				SWIFT_VERSION = 5.0;
				TARGETED_DEVICE_FAMILY = "1,2";
			};
			name = Release;
		};
		964788F52B1790B1009BAA78 /* Debug */ = {
			isa = XCBuildConfiguration;
			buildSettings = {
				ALWAYS_EMBED_SWIFT_STANDARD_LIBRARIES = YES;
				BUNDLE_LOADER = "$(TEST_HOST)";
				CODE_SIGN_STYLE = Automatic;
				CURRENT_PROJECT_VERSION = 1;
				DEVELOPMENT_TEAM = W3G49762MS;
				ENABLE_USER_SCRIPT_SANDBOXING = NO;
				GENERATE_INFOPLIST_FILE = YES;
				IPHONEOS_DEPLOYMENT_TARGET = 17.0;
				MARKETING_VERSION = 1.0;
				PRODUCT_BUNDLE_IDENTIFIER = com.qqself.qqselfTests;
				PRODUCT_NAME = "$(TARGET_NAME)";
				SWIFT_EMIT_LOC_STRINGS = NO;
				SWIFT_VERSION = 5.0;
				TARGETED_DEVICE_FAMILY = "1,2";
				TEST_HOST = "$(BUILT_PRODUCTS_DIR)/qqself.app/$(BUNDLE_EXECUTABLE_FOLDER_PATH)/qqself";
			};
			name = Debug;
		};
		964788F62B1790B1009BAA78 /* Release */ = {
			isa = XCBuildConfiguration;
			buildSettings = {
				ALWAYS_EMBED_SWIFT_STANDARD_LIBRARIES = YES;
				BUNDLE_LOADER = "$(TEST_HOST)";
				CODE_SIGN_STYLE = Automatic;
				CURRENT_PROJECT_VERSION = 1;
				DEVELOPMENT_TEAM = W3G49762MS;
				ENABLE_USER_SCRIPT_SANDBOXING = NO;
				GENERATE_INFOPLIST_FILE = YES;
				IPHONEOS_DEPLOYMENT_TARGET = 17.0;
				MARKETING_VERSION = 1.0;
				PRODUCT_BUNDLE_IDENTIFIER = com.qqself.qqselfTests;
				PRODUCT_NAME = "$(TARGET_NAME)";
				SWIFT_EMIT_LOC_STRINGS = NO;
				SWIFT_VERSION = 5.0;
				TARGETED_DEVICE_FAMILY = "1,2";
				TEST_HOST = "$(BUILT_PRODUCTS_DIR)/qqself.app/$(BUNDLE_EXECUTABLE_FOLDER_PATH)/qqself";
			};
			name = Release;
		};
/* End XCBuildConfiguration section */

/* Begin XCConfigurationList section */
		964788C82B1790AF009BAA78 /* Build configuration list for PBXProject "qqself" */ = {
			isa = XCConfigurationList;
			buildConfigurations = (
				964788EF2B1790B1009BAA78 /* Debug */,
				964788F02B1790B1009BAA78 /* Release */,
			);
			defaultConfigurationIsVisible = 0;
			defaultConfigurationName = Release;
		};
		964788F12B1790B1009BAA78 /* Build configuration list for PBXNativeTarget "qqself" */ = {
			isa = XCConfigurationList;
			buildConfigurations = (
				964788F22B1790B1009BAA78 /* Debug */,
				964788F32B1790B1009BAA78 /* Release */,
			);
			defaultConfigurationIsVisible = 0;
			defaultConfigurationName = Release;
		};
		964788F42B1790B1009BAA78 /* Build configuration list for PBXNativeTarget "qqselfTests" */ = {
			isa = XCConfigurationList;
			buildConfigurations = (
				964788F52B1790B1009BAA78 /* Debug */,
				964788F62B1790B1009BAA78 /* Release */,
			);
			defaultConfigurationIsVisible = 0;
			defaultConfigurationName = Release;
		};
/* End XCConfigurationList section */

/* Begin XCLocalSwiftPackageReference section */
		96C948D12B17911200D3D969 /* XCLocalSwiftPackageReference "qqselfCoreLib" */ = {
			isa = XCLocalSwiftPackageReference;
			relativePath = qqselfCoreLib;
		};
/* End XCLocalSwiftPackageReference section */

/* Begin XCSwiftPackageProductDependency section */
		96C948D22B17911200D3D969 /* qqselfCoreLib */ = {
			isa = XCSwiftPackageProductDependency;
			productName = qqselfCoreLib;
		};
/* End XCSwiftPackageProductDependency section */
	};
	rootObject = 964788C52B1790AF009BAA78 /* Project object */;
}
