# This file is automatically @generated by Cargo.
# It is not intended for manual editing.
[[package]]
name = "bumpalo"
version = "3.7.0"
source = "registry+https://github.com/rust-lang/crates.io-index"
checksum = "9c59e7af012c713f529e7a3ee57ce9b31ddd858d4b512923602f74608b009631"

[[package]]
name = "cfg-if"
version = "0.1.10"
source = "registry+https://github.com/rust-lang/crates.io-index"
checksum = "4785bdd1c96b2a846b2bd7cc02e86b6b3dbf14e7e53446c4f54c92a361040822"

[[package]]
name = "cfg-if"
version = "1.0.0"
source = "registry+https://github.com/rust-lang/crates.io-index"
checksum = "baf1de4339761588bc0619e3cbc0120ee582ebb74b53b4efbf79117bd2da40fd"

[[package]]
name = "client-pwa"
version = "0.0.0"
dependencies = [
 "console_error_panic_hook",
 "core",
 "wasm-bindgen",
 "wasm-bindgen-test",
]

[[package]]
name = "console_error_panic_hook"
version = "0.1.6"
source = "registry+https://github.com/rust-lang/crates.io-index"
checksum = "b8d976903543e0c48546a91908f21588a680a8c8f984df9a5d69feccb2b2a211"
dependencies = [
 "cfg-if 0.1.10",
 "wasm-bindgen",
]

[[package]]
name = "core"
version = "0.0.0"

[[package]]
name = "js-sys"
version = "0.3.53"
source = "registry+https://github.com/rust-lang/crates.io-index"
checksum = "e4bf49d50e2961077d9c99f4b7997d770a1114f087c3c2e0069b36c13fc2979d"
dependencies = [
 "wasm-bindgen",
]

[[package]]
name = "lazy_static"
version = "1.4.0"
source = "registry+https://github.com/rust-lang/crates.io-index"
checksum = "e2abad23fbc42b3700f2f279844dc832adb2b2eb069b2df918f455c4e18cc646"

[[package]]
name = "log"
version = "0.4.14"
source = "registry+https://github.com/rust-lang/crates.io-index"
checksum = "51b9bbe6c47d51fc3e1a9b945965946b4c44142ab8792c50835a980d362c2710"
dependencies = [
 "cfg-if 1.0.0",
]

[[package]]
name = "proc-macro2"
version = "1.0.28"
source = "registry+https://github.com/rust-lang/crates.io-index"
checksum = "5c7ed8b8c7b886ea3ed7dde405212185f423ab44682667c8c6dd14aa1d9f6612"
dependencies = [
 "unicode-xid",
]

[[package]]
name = "quote"
version = "1.0.9"
source = "registry+https://github.com/rust-lang/crates.io-index"
checksum = "c3d0b9745dc2debf507c8422de05d7226cc1f0644216dfdfead988f9b1ab32a7"
dependencies = [
 "proc-macro2",
]

[[package]]
name = "scoped-tls"
version = "1.0.0"
source = "registry+https://github.com/rust-lang/crates.io-index"
checksum = "ea6a9290e3c9cf0f18145ef7ffa62d68ee0bf5fcd651017e586dc7fd5da448c2"

[[package]]
name = "syn"
version = "1.0.75"
source = "registry+https://github.com/rust-lang/crates.io-index"
checksum = "b7f58f7e8eaa0009c5fec437aabf511bd9933e4b2d7407bd05273c01a8906ea7"
dependencies = [
 "proc-macro2",
 "quote",
 "unicode-xid",
]

[[package]]
name = "unicode-xid"
version = "0.2.2"
source = "registry+https://github.com/rust-lang/crates.io-index"
checksum = "8ccb82d61f80a663efe1f787a51b16b5a51e3314d6ac365b08639f52387b33f3"

[[package]]
name = "wasm-bindgen"
version = "0.2.76"
source = "registry+https://github.com/rust-lang/crates.io-index"
checksum = "8ce9b1b516211d33767048e5d47fa2a381ed8b76fc48d2ce4aa39877f9f183e0"
dependencies = [
 "cfg-if 1.0.0",
 "wasm-bindgen-macro",
]

[[package]]
name = "wasm-bindgen-backend"
version = "0.2.76"
source = "registry+https://github.com/rust-lang/crates.io-index"
checksum = "cfe8dc78e2326ba5f845f4b5bf548401604fa20b1dd1d365fb73b6c1d6364041"
dependencies = [
 "bumpalo",
 "lazy_static",
 "log",
 "proc-macro2",
 "quote",
 "syn",
 "wasm-bindgen-shared",
]

[[package]]
name = "wasm-bindgen-futures"
version = "0.4.26"
source = "registry+https://github.com/rust-lang/crates.io-index"
checksum = "95fded345a6559c2cfee778d562300c581f7d4ff3edb9b0d230d69800d213972"
dependencies = [
 "cfg-if 1.0.0",
 "js-sys",
 "wasm-bindgen",
 "web-sys",
]

[[package]]
name = "wasm-bindgen-macro"
version = "0.2.76"
source = "registry+https://github.com/rust-lang/crates.io-index"
checksum = "44468aa53335841d9d6b6c023eaab07c0cd4bddbcfdee3e2bb1e8d2cb8069fef"
dependencies = [
 "quote",
 "wasm-bindgen-macro-support",
]

[[package]]
name = "wasm-bindgen-macro-support"
version = "0.2.76"
source = "registry+https://github.com/rust-lang/crates.io-index"
checksum = "0195807922713af1e67dc66132c7328206ed9766af3858164fb583eedc25fbad"
dependencies = [
 "proc-macro2",
 "quote",
 "syn",
 "wasm-bindgen-backend",
 "wasm-bindgen-shared",
]

[[package]]
name = "wasm-bindgen-shared"
version = "0.2.76"
source = "registry+https://github.com/rust-lang/crates.io-index"
checksum = "acdb075a845574a1fa5f09fd77e43f7747599301ea3417a9fbffdeedfc1f4a29"

[[package]]
name = "wasm-bindgen-test"
version = "0.3.26"
source = "registry+https://github.com/rust-lang/crates.io-index"
checksum = "046f563713e2e7a602f0b45d49a564355f9a8a404cac3fa27b9855718f6ba97a"
dependencies = [
 "console_error_panic_hook",
 "js-sys",
 "scoped-tls",
 "wasm-bindgen",
 "wasm-bindgen-futures",
 "wasm-bindgen-test-macro",
]

[[package]]
name = "wasm-bindgen-test-macro"
version = "0.3.26"
source = "registry+https://github.com/rust-lang/crates.io-index"
checksum = "3b561e538d0e87b844dd2ce4608581373854f19c4fa2c473570d9fa3797eeb56"
dependencies = [
 "proc-macro2",
 "quote",
]

[[package]]
name = "web-sys"
version = "0.3.53"
source = "registry+https://github.com/rust-lang/crates.io-index"
checksum = "224b2f6b67919060055ef1a67807367c2066ed520c3862cc013d26cf893a783c"
dependencies = [
 "js-sys",
 "wasm-bindgen",
]
